
Microsoft Visual Studio Solution File, Format Version 12.00
# Visual Studio Version 17
VisualStudioVersion = 17.2.32519.379
MinimumVisualStudioVersion = 10.0.40219.1
Project("{9A19103F-16F7-4668-BE54-9A1E7A4F7556}") = "LPZ2", "LPZ2\LPZ2.csproj", "{B9C6CCDE-1464-4522-85C8-1EC17C0542B4}"
EndProject
Project("{FAE04EC0-301F-11D3-BF4B-00C04F79EFBC}") = "LPZ1", "LPZ1\LPZ1.csproj", "{D7FCA563-1D32-470F-A607-AF6DD779EE23}"
EndProject
Global
	GlobalSection(SolutionConfigurationPlatforms) = preSolution
		Debug|Any CPU = Debug|Any CPU
		Release|Any CPU = Release|Any CPU
	EndGlobalSection
	GlobalSection(ProjectConfigurationPlatforms) = postSolution
		{B9C6CCDE-1464-4522-85C8-1EC17C0542B4}.Debug|Any CPU.ActiveCfg = Debug|Any CPU
		{B9C6CCDE-1464-4522-85C8-1EC17C0542B4}.Debug|Any CPU.Build.0 = Debug|Any CPU
		{B9C6CCDE-1464-4522-85C8-1EC17C0542B4}.Release|Any CPU.ActiveCfg = Release|Any CPU
		{B9C6CCDE-1464-4522-85C8-1EC17C0542B4}.Release|Any CPU.Build.0 = Release|Any CPU
		{D7FCA563-1D32-470F-A607-AF6DD779EE23}.Debug|Any CPU.ActiveCfg = Debug|Any CPU
		{D7FCA563-1D32-470F-A607-AF6DD779EE23}.Debug|Any CPU.Build.0 = Debug|Any CPU
		{D7FCA563-1D32-470F-A607-AF6DD779EE23}.Release|Any CPU.ActiveCfg = Release|Any CPU
		{D7FCA563-1D32-470F-A607-AF6DD779EE23}.Release|Any CPU.Build.0 = Release|Any CPU
	EndGlobalSection
	GlobalSection(SolutionProperties) = preSolution
		HideSolutionNode = FALSE
	EndGlobalSection
	GlobalSection(ExtensibilityGlobals) = postSolution
		SolutionGuid = {DB422F87-F634-44D1-AC3C-6AA5E0B2AD88}
	EndGlobalSection
EndGlobal
